
Microsoft Visual Studio Solution File, Format Version 12.00
# Visual Studio 2015
Project("{FAE04EC0-301F-11D3-BF4B-00C04F79EFBC}") = "hair_demo.Plugins", "hair_demo.Plugins.csproj", "{02BE8CE5-309B-8510-52B5-88FCBDE94CC8}"
EndProject
Project("{FAE04EC0-301F-11D3-BF4B-00C04F79EFBC}") = "hair_demo.Editor.Plugins", "hair_demo.Editor.Plugins.csproj", "{C464A463-D643-0D1D-0713-5D95B5F6046E}"
EndProject
Global
	GlobalSection(SolutionConfigurationPlatforms) = preSolution
		Debug|Any CPU = Debug|Any CPU
		Release|Any CPU = Release|Any CPU
	EndGlobalSection
	GlobalSection(ProjectConfigurationPlatforms) = postSolution
		{02BE8CE5-309B-8510-52B5-88FCBDE94CC8}.Debug|Any CPU.ActiveCfg = Debug|Any CPU
		{02BE8CE5-309B-8510-52B5-88FCBDE94CC8}.Debug|Any CPU.Build.0 = Debug|Any CPU
		{02BE8CE5-309B-8510-52B5-88FCBDE94CC8}.Release|Any CPU.ActiveCfg = Release|Any CPU
		{02BE8CE5-309B-8510-52B5-88FCBDE94CC8}.Release|Any CPU.Build.0 = Release|Any CPU
		{C464A463-D643-0D1D-0713-5D95B5F6046E}.Debug|Any CPU.ActiveCfg = Debug|Any CPU
		{C464A463-D643-0D1D-0713-5D95B5F6046E}.Debug|Any CPU.Build.0 = Debug|Any CPU
		{C464A463-D643-0D1D-0713-5D95B5F6046E}.Release|Any CPU.ActiveCfg = Release|Any CPU
		{C464A463-D643-0D1D-0713-5D95B5F6046E}.Release|Any CPU.Build.0 = Release|Any CPU
	EndGlobalSection
	GlobalSection(SolutionProperties) = preSolution
		HideSolutionNode = FALSE
	EndGlobalSection
EndGlobal
